
Microsoft Visual Studio Solution File, Format Version 12.00
# Visual Studio Version 16
VisualStudioVersion = 16.0.31424.327
MinimumVisualStudioVersion = 10.0.40219.1
Project("{9A19103F-16F7-4668-BE54-9A1E7A4F7556}") = "DomainModelling", "DomainModelling\DomainModelling.csproj", "{06BEEF31-385F-40AA-9179-AB08B3BF2431}"
EndProject
Project("{2150E333-8FDC-42A3-9474-1A3956D46DE8}") = "Features", "Features", "{83BA3A7C-FD8B-45F7-9C87-7844A070C0BA}"
	ProjectSection(SolutionItems) = preProject
		Calculator.feature = Calculator.feature
	EndProjectSection
EndProject
Global
	GlobalSection(SolutionConfigurationPlatforms) = preSolution
		Debug|Any CPU = Debug|Any CPU
		Release|Any CPU = Release|Any CPU
	EndGlobalSection
	GlobalSection(ProjectConfigurationPlatforms) = postSolution
		{06BEEF31-385F-40AA-9179-AB08B3BF2431}.Debug|Any CPU.ActiveCfg = Debug|Any CPU
		{06BEEF31-385F-40AA-9179-AB08B3BF2431}.Debug|Any CPU.Build.0 = Debug|Any CPU
		{06BEEF31-385F-40AA-9179-AB08B3BF2431}.Release|Any CPU.ActiveCfg = Release|Any CPU
		{06BEEF31-385F-40AA-9179-AB08B3BF2431}.Release|Any CPU.Build.0 = Release|Any CPU
	EndGlobalSection
	GlobalSection(SolutionProperties) = preSolution
		HideSolutionNode = FALSE
	EndGlobalSection
	GlobalSection(ExtensibilityGlobals) = postSolution
		SolutionGuid = {1BCE1D7A-E0DD-4363-B35E-096BD965D453}
	EndGlobalSection
EndGlobal
